{
  "name": "united-Pets",
  "lockfileVersion": 2,
  "requires": true,
  "packages": {
    "": {
      "dependencies": {
        "@types/stripe-v3": "^3.1.26",
        "nodemailer": "^6.7.2",
        "stripe-angular": "^1.7.0"
      }
    },
    "node_modules/@types/stripe-v3": {
      "version": "3.1.26",
      "resolved": "https://registry.npmjs.org/@types/stripe-v3/-/stripe-v3-3.1.26.tgz",
      "integrity": "sha512-c3cI1OzDJ2L1MYm8WvRfpTAojm8O3WyJDEq90py8d2zQJy+sY4ducdQztmZ5ykrRhCPNQJIBHzpEPLl5nCZfSQ=="
    },
    "node_modules/nodemailer": {
      "version": "6.7.2",
      "resolved": "https://registry.npmjs.org/nodemailer/-/nodemailer-6.7.2.tgz",
      "integrity": "sha512-Dz7zVwlef4k5R71fdmxwR8Q39fiboGbu3xgswkzGwczUfjp873rVxt1O46+Fh0j1ORnAC6L9+heI8uUpO6DT7Q==",
      "engines": {
        "node": ">=6.0.0"
      }
    },
    "node_modules/stripe-angular": {
      "version": "1.7.0",
      "resolved": "https://registry.npmjs.org/stripe-angular/-/stripe-angular-1.7.0.tgz",
      "integrity": "sha512-ivWQhRjWv3aszK0vRyicI77UAGbHMa8z7UwhRb9YK4rPQK2SkROPpw3R6yxcOKy0bD/mJhaMvbgwSj5oZ/0eUQ==",
      "dependencies": {
        "tslib": "^2.0.0"
      },
      "peerDependencies": {
        "@types/stripe-v3": "^3.1.23"
      }
    },
    "node_modules/tslib": {
      "version": "2.3.1",
      "resolved": "https://registry.npmjs.org/tslib/-/tslib-2.3.1.tgz",
      "integrity": "sha512-77EbyPPpMz+FRFRuAFlWMtmgUWGe9UOG2Z25NqCwiIjRhOf5iKGuzSe5P2w1laq+FkRy4p+PCuVkJSGkzTEKVw=="
    }
  },
  "dependencies": {
    "@types/stripe-v3": {
      "version": "3.1.26",
      "resolved": "https://registry.npmjs.org/@types/stripe-v3/-/stripe-v3-3.1.26.tgz",
      "integrity": "sha512-c3cI1OzDJ2L1MYm8WvRfpTAojm8O3WyJDEq90py8d2zQJy+sY4ducdQztmZ5ykrRhCPNQJIBHzpEPLl5nCZfSQ=="
    },
    "nodemailer": {
      "version": "6.7.2",
      "resolved": "https://registry.npmjs.org/nodemailer/-/nodemailer-6.7.2.tgz",
      "integrity": "sha512-Dz7zVwlef4k5R71fdmxwR8Q39fiboGbu3xgswkzGwczUfjp873rVxt1O46+Fh0j1ORnAC6L9+heI8uUpO6DT7Q=="
    },
    "stripe-angular": {
      "version": "1.7.0",
      "resolved": "https://registry.npmjs.org/stripe-angular/-/stripe-angular-1.7.0.tgz",
      "integrity": "sha512-ivWQhRjWv3aszK0vRyicI77UAGbHMa8z7UwhRb9YK4rPQK2SkROPpw3R6yxcOKy0bD/mJhaMvbgwSj5oZ/0eUQ==",
      "requires": {
        "tslib": "^2.0.0"
      }
    },
    "tslib": {
      "version": "2.3.1",
      "resolved": "https://registry.npmjs.org/tslib/-/tslib-2.3.1.tgz",
      "integrity": "sha512-77EbyPPpMz+FRFRuAFlWMtmgUWGe9UOG2Z25NqCwiIjRhOf5iKGuzSe5P2w1laq+FkRy4p+PCuVkJSGkzTEKVw=="
    }
  }
}
